
Microsoft Visual Studio Solution File, Format Version 12.00
# Visual Studio Version 17
VisualStudioVersion = 17.10.35027.167
MinimumVisualStudioVersion = 10.0.40219.1
Project("{9A19103F-16F7-4668-BE54-9A1E7A4F7556}") = "IWshUtility", "Source\IWshUtility.csproj", "{89E5B799-0CA2-45C7-A0F1-C9C4C77EBA45}"
EndProject
Project("{2150E333-8FDC-42A3-9474-1A3956D46DE8}") = "Data", "Data", "{A77924B7-3FD6-4D44-B92F-8C87645E4FDA}"
	ProjectSection(SolutionItems) = preProject
		.editorconfig = .editorconfig
		.gitignore = .gitignore
		LICENSE.md = LICENSE.md
		README.md = README.md
	EndProjectSection
EndProject
Global
	GlobalSection(SolutionConfigurationPlatforms) = preSolution
		Debug|Any CPU = Debug|Any CPU
		Release|Any CPU = Release|Any CPU
	EndGlobalSection
	GlobalSection(ProjectConfigurationPlatforms) = postSolution
		{89E5B799-0CA2-45C7-A0F1-C9C4C77EBA45}.Debug|Any CPU.ActiveCfg = Debug|Any CPU
		{89E5B799-0CA2-45C7-A0F1-C9C4C77EBA45}.Debug|Any CPU.Build.0 = Debug|Any CPU
		{89E5B799-0CA2-45C7-A0F1-C9C4C77EBA45}.Release|Any CPU.ActiveCfg = Release|Any CPU
		{89E5B799-0CA2-45C7-A0F1-C9C4C77EBA45}.Release|Any CPU.Build.0 = Release|Any CPU
	EndGlobalSection
	GlobalSection(SolutionProperties) = preSolution
		HideSolutionNode = FALSE
	EndGlobalSection
	GlobalSection(ExtensibilityGlobals) = postSolution
		SolutionGuid = {E5103314-367F-46DD-8C95-AEF626EC2767}
	EndGlobalSection
EndGlobal
